<?xml version="1.0" encoding="utf-8"?>
<Project ToolsVersion="4.0" xmlns="http://schemas.microsoft.com/developer/msbuild/2003">
  <ItemGroup>
    <Filter Include="Source Files">
      <UniqueIdentifier>{4FC737F1-C7A5-4376-A066-2A32D752A2FF}</UniqueIdentifier>
      <Extensions>cpp;c;cc;cxx;c++;def;odl;idl;hpj;bat;asm;asmx</Extensions>
    </Filter>
    <Filter Include="Header Files">
      <UniqueIdentifier>{93995380-89BD-4b04-88EB-625FBE52EBFB}</UniqueIdentifier>
      <Extensions>h;hh;hpp;hxx;h++;hm;inl;inc;ipp;xsd</Extensions>
    </Filter>
    <Filter Include="Resource Files">
      <UniqueIdentifier>{67DA6AB6-F800-4c08-8B7A-83BB121AAD01}</UniqueIdentifier>
      <Extensions>rc;ico;cur;bmp;dlg;rc2;rct;bin;rgs;gif;jpg;jpeg;jpe;resx;tiff;tif;png;wav;mfcribbon-ms</Extensions>
    </Filter>
  </ItemGroup>
  <ItemGroup>
    <ClCompile Include="src\main.cpp">
      <Filter>Source Files</Filter>
    </ClCompile>
    <ClCompile Include="src\core\SurfaceWorld.cpp">
      <Filter>Source Files</Filter>
    </ClCompile>
  </ItemGroup>
  <ItemGroup>
    <None Include="resources\animations\animation.json" />
    <None Include="resources\animations\box.json" />
    <None Include="resources\animations\player.json" />
    <None Include="resources\animations\sprite1.json" />
    <None Include="resources\animations\sprite2.json" />
    <None Include="resources\levels\level0.json" />
    <None Include="resources\levels\level1.json" />
    <None Include="resources\levels\level2.json" />
    <None Include="resources\levels\level3.json" />
    <None Include="resources\levels\victory.json" />
  </ItemGroup>
  <ItemGroup>
    <Font Include="resources\fonts\oswald_regular.ttf" />
  </ItemGroup>
  <ItemGroup>
    <Image Include="resources\textures\box.png">
      <Filter>Resource Files</Filter>
    </Image>
    <Image Include="resources\textures\gabe-idle-run.png">
      <Filter>Resource Files</Filter>
    </Image>
    <Image Include="resources\textures\moomin.png">
      <Filter>Resource Files</Filter>
    </Image>
    <Image Include="resources\textures\player.png">
      <Filter>Resource Files</Filter>
    </Image>
    <Image Include="resources\textures\player_anim.png">
      <Filter>Resource Files</Filter>
    </Image>
    <Image Include="resources\textures\player_anim2.png">
      <Filter>Resource Files</Filter>
    </Image>
    <Image Include="resources\textures\player_test.png">
      <Filter>Resource Files</Filter>
    </Image>
    <Image Include="resources\textures\player_test2.png">
      <Filter>Resource Files</Filter>
    </Image>
    <Image Include="resources\textures\tree.png">
      <Filter>Resource Files</Filter>
    </Image>
  </ItemGroup>
  <ItemGroup>
    <ClInclude Include="src\components\Components.h">
      <Filter>Header Files</Filter>
    </ClInclude>
    <ClInclude Include="src\components\TitleScreenComponent.h">
      <Filter>Header Files</Filter>
    </ClInclude>
    <ClInclude Include="src\components\PauseComponent.h">
      <Filter>Header Files</Filter>
    </ClInclude>
    <ClInclude Include="src\event\Events.h">
      <Filter>Header Files</Filter>
    </ClInclude>
    <ClInclude Include="src\event\GameStartEvent.h">
      <Filter>Header Files</Filter>
    </ClInclude>
    <ClInclude Include="src\event\PauseEvent.h">
      <Filter>Header Files</Filter>
    </ClInclude>
    <ClInclude Include="src\event\TitleScreenEvent.h">
      <Filter>Header Files</Filter>
    </ClInclude>
    <ClInclude Include="src\factory\CreateBox.h">
      <Filter>Header Files</Filter>
    </ClInclude>
    <ClInclude Include="src\factory\Factories.h">
      <Filter>Header Files</Filter>
    </ClInclude>
    <ClInclude Include="src\factory\CreatePlayer.h">
      <Filter>Header Files</Filter>
    </ClInclude>
    <ClInclude Include="src\systems\Systems.h">
      <Filter>Header Files</Filter>
    </ClInclude>
    <ClInclude Include="src\factory\CreateSentry.h">
      <Filter>Header Files</Filter>
    </ClInclude>
    <ClInclude Include="src\statemachine\FiringStateMachine.h">
      <Filter>Header Files</Filter>
    </ClInclude>
    <ClInclude Include="src\statemachine\states\FiringState.h">
      <Filter>Header Files</Filter>
    </ClInclude>
    <ClInclude Include="src\components\TowerComponent.h">
      <Filter>Header Files</Filter>
    </ClInclude>
    <ClInclude Include="src\factory\CreateBullet.h">
      <Filter>Header Files</Filter>
    </ClInclude>
    <ClInclude Include="src\components\TargetComponent.h">
      <Filter>Header Files</Filter>
    </ClInclude>
    <ClInclude Include="src\systems\TargetSystem.h">
      <Filter>Header Files</Filter>
    </ClInclude>
    <ClInclude Include="src\statemachine\states\DisabledState.h">
      <Filter>Header Files</Filter>
    </ClInclude>
    <ClInclude Include="src\statemachine\states\StandbyState.h">
      <Filter>Header Files</Filter>
    </ClInclude>
    <ClInclude Include="src\procedural\Chunks.h">
      <Filter>Header Files</Filter>
    </ClInclude>
    <ClInclude Include="src\procedural\chunks\BoxChunk.h">
      <Filter>Header Files</Filter>
    </ClInclude>
    <ClInclude Include="src\core\SurfaceWorld.h">
      <Filter>Header Files</Filter>
    </ClInclude>
  </ItemGroup>
</Project>