
Microsoft Visual Studio Solution File, Format Version 12.00
# Visual Studio Version 16
VisualStudioVersion = 16.0.31129.286
MinimumVisualStudioVersion = 10.0.40219.1
Project("{8BC9CEB8-8B4A-11D0-8D11-00A0C91BC942}") = "protegon", "protegon\protegon.vcxproj", "{24D5C074-CC32-42D2-B1A1-8B41F55BC69A}"
EndProject
Project("{8BC9CEB8-8B4A-11D0-8D11-00A0C91BC942}") = "test_app", "test_app\test_app.vcxproj", "{D0930C46-1F64-4899-886F-268B143AF5C4}"
EndProject
Global
	GlobalSection(SolutionConfigurationPlatforms) = preSolution
		Debug|x64 = Debug|x64
		Debug|x86 = Debug|x86
		Release|x64 = Release|x64
		Release|x86 = Release|x86
	EndGlobalSection
	GlobalSection(ProjectConfigurationPlatforms) = postSolution
		{24D5C074-CC32-42D2-B1A1-8B41F55BC69A}.Debug|x64.ActiveCfg = Debug|x64
		{24D5C074-CC32-42D2-B1A1-8B41F55BC69A}.Debug|x64.Build.0 = Debug|x64
		{24D5C074-CC32-42D2-B1A1-8B41F55BC69A}.Debug|x86.ActiveCfg = Debug|Win32
		{24D5C074-CC32-42D2-B1A1-8B41F55BC69A}.Debug|x86.Build.0 = Debug|Win32
		{24D5C074-CC32-42D2-B1A1-8B41F55BC69A}.Release|x64.ActiveCfg = Release|x64
		{24D5C074-CC32-42D2-B1A1-8B41F55BC69A}.Release|x64.Build.0 = Release|x64
		{24D5C074-CC32-42D2-B1A1-8B41F55BC69A}.Release|x86.ActiveCfg = Release|Win32
		{24D5C074-CC32-42D2-B1A1-8B41F55BC69A}.Release|x86.Build.0 = Release|Win32
		{D0930C46-1F64-4899-886F-268B143AF5C4}.Debug|x64.ActiveCfg = Debug|x64
		{D0930C46-1F64-4899-886F-268B143AF5C4}.Debug|x64.Build.0 = Debug|x64
		{D0930C46-1F64-4899-886F-268B143AF5C4}.Debug|x86.ActiveCfg = Debug|Win32
		{D0930C46-1F64-4899-886F-268B143AF5C4}.Debug|x86.Build.0 = Debug|Win32
		{D0930C46-1F64-4899-886F-268B143AF5C4}.Release|x64.ActiveCfg = Release|x64
		{D0930C46-1F64-4899-886F-268B143AF5C4}.Release|x64.Build.0 = Release|x64
		{D0930C46-1F64-4899-886F-268B143AF5C4}.Release|x86.ActiveCfg = Release|Win32
		{D0930C46-1F64-4899-886F-268B143AF5C4}.Release|x86.Build.0 = Release|Win32
	EndGlobalSection
	GlobalSection(SolutionProperties) = preSolution
		HideSolutionNode = FALSE
	EndGlobalSection
	GlobalSection(ExtensibilityGlobals) = postSolution
		SolutionGuid = {DEA61B60-AFAA-4D5A-92DC-DF139B77AC3C}
	EndGlobalSection
EndGlobal
