<?xml version="1.0" encoding="utf-8"?>
<Project ToolsVersion="4.0" xmlns="http://schemas.microsoft.com/developer/msbuild/2003">
  <ItemGroup>
    <Filter Include="Source Files">
      <UniqueIdentifier>{4FC737F1-C7A5-4376-A066-2A32D752A2FF}</UniqueIdentifier>
      <Extensions>cpp;c;cc;cxx;c++;def;odl;idl;hpj;bat;asm;asmx</Extensions>
    </Filter>
    <Filter Include="Header Files">
      <UniqueIdentifier>{93995380-89BD-4b04-88EB-625FBE52EBFB}</UniqueIdentifier>
      <Extensions>h;hh;hpp;hxx;h++;hm;inl;inc;ipp;xsd</Extensions>
    </Filter>
    <Filter Include="Resource Files">
      <UniqueIdentifier>{67DA6AB6-F800-4c08-8B7A-83BB121AAD01}</UniqueIdentifier>
      <Extensions>rc;ico;cur;bmp;dlg;rc2;rct;bin;rgs;gif;jpg;jpeg;jpe;resx;tiff;tif;png;wav;mfcribbon-ms</Extensions>
    </Filter>
  </ItemGroup>
  <ItemGroup>
    <ClCompile Include="engine\core\Engine.cpp">
      <Filter>Source Files</Filter>
    </ClCompile>
    <ClCompile Include="engine\ecs\components\StateMachineComponent.cpp">
      <Filter>Source Files</Filter>
    </ClCompile>
    <ClCompile Include="engine\event\events\RandomizeEvent.cpp">
      <Filter>Source Files</Filter>
    </ClCompile>
    <ClCompile Include="engine\event\EventHandler.cpp">
      <Filter>Source Files</Filter>
    </ClCompile>
    <ClCompile Include="engine\event\InputHandler.cpp">
      <Filter>Source Files</Filter>
    </ClCompile>
    <ClCompile Include="engine\physics\RigidBody.cpp">
      <Filter>Source Files</Filter>
    </ClCompile>
    <ClCompile Include="engine\renderer\FontManager.cpp">
      <Filter>Source Files</Filter>
    </ClCompile>
    <ClCompile Include="engine\renderer\TextureManager.cpp">
      <Filter>Source Files</Filter>
    </ClCompile>
    <ClCompile Include="engine\utils\AllocationMetrics.cpp">
      <Filter>Source Files</Filter>
    </ClCompile>
    <ClCompile Include="engine\renderer\Window.cpp">
      <Filter>Source Files</Filter>
    </ClCompile>
    <ClCompile Include="engine\renderer\Renderer.cpp">
      <Filter>Source Files</Filter>
    </ClCompile>
    <ClCompile Include="engine\renderer\Color.cpp">
      <Filter>Source Files</Filter>
    </ClCompile>
    <ClCompile Include="engine\renderer\Texture.cpp">
      <Filter>Source Files</Filter>
    </ClCompile>
    <ClCompile Include="engine\renderer\Camera.cpp">
      <Filter>Source Files</Filter>
    </ClCompile>
    <ClCompile Include="engine\core\Scene.cpp">
      <Filter>Source Files</Filter>
    </ClCompile>
  </ItemGroup>
  <ItemGroup>
    <ClInclude Include="engine\core\Engine.h">
      <Filter>Header Files</Filter>
    </ClInclude>
    <ClInclude Include="engine\ecs\components\AnimationComponent.h">
      <Filter>Header Files</Filter>
    </ClInclude>
    <ClInclude Include="engine\ecs\components\CollisionComponent.h">
      <Filter>Header Files</Filter>
    </ClInclude>
    <ClInclude Include="engine\ecs\components\Component.h">
      <Filter>Header Files</Filter>
    </ClInclude>
    <ClInclude Include="engine\ecs\components\DirectionComponent.h">
      <Filter>Header Files</Filter>
    </ClInclude>
    <ClInclude Include="engine\ecs\components\InputComponent.h">
      <Filter>Header Files</Filter>
    </ClInclude>
    <ClInclude Include="engine\ecs\components\LifetimeComponent.h">
      <Filter>Header Files</Filter>
    </ClInclude>
    <ClInclude Include="engine\ecs\components\PlayerController.h">
      <Filter>Header Files</Filter>
    </ClInclude>
    <ClInclude Include="engine\ecs\components\RenderComponent.h">
      <Filter>Header Files</Filter>
    </ClInclude>
    <ClInclude Include="engine\ecs\components\RigidBodyComponent.h">
      <Filter>Header Files</Filter>
    </ClInclude>
    <ClInclude Include="engine\ecs\components\SizeComponent.h">
      <Filter>Header Files</Filter>
    </ClInclude>
    <ClInclude Include="engine\ecs\components\SpriteComponent.h">
      <Filter>Header Files</Filter>
    </ClInclude>
    <ClInclude Include="engine\ecs\components\SpriteSheetComponent.h">
      <Filter>Header Files</Filter>
    </ClInclude>
    <ClInclude Include="engine\ecs\components\StateMachineComponent.h">
      <Filter>Header Files</Filter>
    </ClInclude>
    <ClInclude Include="engine\ecs\components\TransformComponent.h">
      <Filter>Header Files</Filter>
    </ClInclude>
    <ClInclude Include="engine\ecs\components\UIComponent.h">
      <Filter>Header Files</Filter>
    </ClInclude>
    <ClInclude Include="engine\ecs\systems\AnimationSystem.h">
      <Filter>Header Files</Filter>
    </ClInclude>
    <ClInclude Include="engine\ecs\systems\CollisionSystem.h">
      <Filter>Header Files</Filter>
    </ClInclude>
    <ClInclude Include="engine\ecs\systems\DirectionSystem.h">
      <Filter>Header Files</Filter>
    </ClInclude>
    <ClInclude Include="engine\ecs\systems\InputSystem.h">
      <Filter>Header Files</Filter>
    </ClInclude>
    <ClInclude Include="engine\ecs\systems\LifetimeSystem.h">
      <Filter>Header Files</Filter>
    </ClInclude>
    <ClInclude Include="engine\ecs\systems\PhysicsSystem.h">
      <Filter>Header Files</Filter>
    </ClInclude>
    <ClInclude Include="engine\ecs\systems\RenderSystem.h">
      <Filter>Header Files</Filter>
    </ClInclude>
    <ClInclude Include="engine\ecs\systems\StateMachineSystem.h">
      <Filter>Header Files</Filter>
    </ClInclude>
    <ClInclude Include="engine\ecs\systems\System.h">
      <Filter>Header Files</Filter>
    </ClInclude>
    <ClInclude Include="engine\ecs\systems\UISystem.h">
      <Filter>Header Files</Filter>
    </ClInclude>
    <ClInclude Include="engine\ecs\Components.h">
      <Filter>Header Files</Filter>
    </ClInclude>
    <ClInclude Include="engine\ecs\ECS.h">
      <Filter>Header Files</Filter>
    </ClInclude>
    <ClInclude Include="engine\ecs\Systems.h">
      <Filter>Header Files</Filter>
    </ClInclude>
    <ClInclude Include="engine\event\events\RandomizeEvent.h">
      <Filter>Header Files</Filter>
    </ClInclude>
    <ClInclude Include="engine\event\EventHandler.h">
      <Filter>Header Files</Filter>
    </ClInclude>
    <ClInclude Include="engine\event\Events.h">
      <Filter>Header Files</Filter>
    </ClInclude>
    <ClInclude Include="engine\event\InputHandler.h">
      <Filter>Header Files</Filter>
    </ClInclude>
    <ClInclude Include="engine\physics\RigidBody.h">
      <Filter>Header Files</Filter>
    </ClInclude>
    <ClInclude Include="engine\renderer\AABB.h">
      <Filter>Header Files</Filter>
    </ClInclude>
    <ClInclude Include="engine\renderer\Circle.h">
      <Filter>Header Files</Filter>
    </ClInclude>
    <ClInclude Include="engine\renderer\Color.h">
      <Filter>Header Files</Filter>
    </ClInclude>
    <ClInclude Include="engine\renderer\Flip.h">
      <Filter>Header Files</Filter>
    </ClInclude>
    <ClInclude Include="engine\renderer\FontManager.h">
      <Filter>Header Files</Filter>
    </ClInclude>
    <ClInclude Include="engine\renderer\Ray2D.h">
      <Filter>Header Files</Filter>
    </ClInclude>
    <ClInclude Include="engine\renderer\Renderer.h">
      <Filter>Header Files</Filter>
    </ClInclude>
    <ClInclude Include="engine\renderer\Shape.h">
      <Filter>Header Files</Filter>
    </ClInclude>
    <ClInclude Include="engine\renderer\TextureManager.h">
      <Filter>Header Files</Filter>
    </ClInclude>
    <ClInclude Include="engine\renderer\Window.h">
      <Filter>Header Files</Filter>
    </ClInclude>
    <ClInclude Include="engine\statemachine\states\BaseState.h">
      <Filter>Header Files</Filter>
    </ClInclude>
    <ClInclude Include="engine\statemachine\states\GroundedState.h">
      <Filter>Header Files</Filter>
    </ClInclude>
    <ClInclude Include="engine\statemachine\states\IdleState.h">
      <Filter>Header Files</Filter>
    </ClInclude>
    <ClInclude Include="engine\statemachine\states\JumpState.h">
      <Filter>Header Files</Filter>
    </ClInclude>
    <ClInclude Include="engine\statemachine\states\RunState.h">
      <Filter>Header Files</Filter>
    </ClInclude>
    <ClInclude Include="engine\statemachine\states\State.h">
      <Filter>Header Files</Filter>
    </ClInclude>
    <ClInclude Include="engine\statemachine\states\StateDefines.h">
      <Filter>Header Files</Filter>
    </ClInclude>
    <ClInclude Include="engine\statemachine\states\WalkState.h">
      <Filter>Header Files</Filter>
    </ClInclude>
    <ClInclude Include="engine\statemachine\BaseStateMachine.h">
      <Filter>Header Files</Filter>
    </ClInclude>
    <ClInclude Include="engine\statemachine\StateMachine.h">
      <Filter>Header Files</Filter>
    </ClInclude>
    <ClInclude Include="engine\statemachine\StateMachines.h">
      <Filter>Header Files</Filter>
    </ClInclude>
    <ClInclude Include="engine\statemachine\States.h">
      <Filter>Header Files</Filter>
    </ClInclude>
    <ClInclude Include="engine\statemachine\Types.h">
      <Filter>Header Files</Filter>
    </ClInclude>
    <ClInclude Include="engine\ui\UI.h">
      <Filter>Header Files</Filter>
    </ClInclude>
    <ClInclude Include="engine\ui\UIElement.h">
      <Filter>Header Files</Filter>
    </ClInclude>
    <ClInclude Include="engine\utils\AllocationMetrics.h">
      <Filter>Header Files</Filter>
    </ClInclude>
    <ClInclude Include="engine\utils\Debug.h">
      <Filter>Header Files</Filter>
    </ClInclude>
    <ClInclude Include="engine\utils\Defines.h">
      <Filter>Header Files</Filter>
    </ClInclude>
    <ClInclude Include="engine\utils\Direction.h">
      <Filter>Header Files</Filter>
    </ClInclude>
    <ClInclude Include="engine\utils\Logger.h">
      <Filter>Header Files</Filter>
    </ClInclude>
    <ClInclude Include="engine\utils\Math.h">
      <Filter>Header Files</Filter>
    </ClInclude>
    <ClInclude Include="engine\utils\Utility.h">
      <Filter>Header Files</Filter>
    </ClInclude>
    <ClInclude Include="engine\utils\Vector2.h">
      <Filter>Header Files</Filter>
    </ClInclude>
    <ClInclude Include="engine\Include.h">
      <Filter>Header Files</Filter>
    </ClInclude>
    <ClInclude Include="engine\renderer\Texture.h">
      <Filter>Header Files</Filter>
    </ClInclude>
    <ClInclude Include="engine\event\Keys.h">
      <Filter>Header Files</Filter>
    </ClInclude>
    <ClInclude Include="engine\ui\components\TextComponent.h">
      <Filter>Header Files</Filter>
    </ClInclude>
    <ClInclude Include="engine\ui\UIComponents.h">
      <Filter>Header Files</Filter>
    </ClInclude>
    <ClInclude Include="engine\ui\components\ActiveColorComponent.h">
      <Filter>Header Files</Filter>
    </ClInclude>
    <ClInclude Include="engine\ui\components\BackgroundColorComponent.h">
      <Filter>Header Files</Filter>
    </ClInclude>
    <ClInclude Include="engine\ui\components\HoverColorComponent.h">
      <Filter>Header Files</Filter>
    </ClInclude>
    <ClInclude Include="engine\ui\components\StateComponent.h">
      <Filter>Header Files</Filter>
    </ClInclude>
    <ClInclude Include="engine\ui\components\EventComponent.h">
      <Filter>Header Files</Filter>
    </ClInclude>
    <ClInclude Include="engine\ui\components\MouseOffsetComponent.h">
      <Filter>Header Files</Filter>
    </ClInclude>
    <ClInclude Include="engine\ui\components\InfluenceComponent.h">
      <Filter>Header Files</Filter>
    </ClInclude>
    <ClInclude Include="engine\renderer\Camera.h">
      <Filter>Header Files</Filter>
    </ClInclude>
    <ClInclude Include="engine\ecs\components\CameraComponent.h">
      <Filter>Header Files</Filter>
    </ClInclude>
    <ClInclude Include="engine\core\Scene.h">
      <Filter>Header Files</Filter>
    </ClInclude>
    <ClInclude Include="engine\ecs\systems\CameraSystem.h">
      <Filter>Header Files</Filter>
    </ClInclude>
  </ItemGroup>
  <ItemGroup>
    <None Include="dlls\libfreetype-6.dll" />
    <None Include="dlls\libjpeg-9.dll" />
    <None Include="dlls\libpng16-16.dll" />
    <None Include="dlls\libtiff-5.dll" />
    <None Include="dlls\libwebp-7.dll" />
    <None Include="dlls\SDL2.dll" />
    <None Include="dlls\SDL2_image.dll" />
    <None Include="dlls\SDL2_ttf.dll" />
    <None Include="dlls\zlib1.dll" />
  </ItemGroup>
  <ItemGroup>
    <Text Include="dlls\LICENSE.freetype.txt" />
    <Text Include="dlls\LICENSE.jpeg.txt" />
    <Text Include="dlls\LICENSE.png.txt" />
    <Text Include="dlls\LICENSE.tiff.txt" />
    <Text Include="dlls\LICENSE.webp.txt" />
    <Text Include="dlls\LICENSE.zlib.txt" />
  </ItemGroup>
</Project>